
Microsoft Visual Studio Solution File, Format Version 12.00
# Visual Studio Version 16
VisualStudioVersion = 16.0.29806.167
MinimumVisualStudioVersion = 10.0.40219.1
Project("{FAE04EC0-301F-11D3-BF4B-00C04F79EFBC}") = "Yetki_Deneme", "Yetki_Deneme\Yetki_Deneme.csproj", "{52EC70F3-6D26-4C73-B871-98F1D456142E}"
EndProject
Global
	GlobalSection(SolutionConfigurationPlatforms) = preSolution
		Debug|Any CPU = Debug|Any CPU
		Release|Any CPU = Release|Any CPU
	EndGlobalSection
	GlobalSection(ProjectConfigurationPlatforms) = postSolution
		{52EC70F3-6D26-4C73-B871-98F1D456142E}.Debug|Any CPU.ActiveCfg = Debug|Any CPU
		{52EC70F3-6D26-4C73-B871-98F1D456142E}.Debug|Any CPU.Build.0 = Debug|Any CPU
		{52EC70F3-6D26-4C73-B871-98F1D456142E}.Release|Any CPU.ActiveCfg = Release|Any CPU
		{52EC70F3-6D26-4C73-B871-98F1D456142E}.Release|Any CPU.Build.0 = Release|Any CPU
	EndGlobalSection
	GlobalSection(SolutionProperties) = preSolution
		HideSolutionNode = FALSE
	EndGlobalSection
	GlobalSection(ExtensibilityGlobals) = postSolution
		SolutionGuid = {8AA18945-132E-430F-AD94-3044B5D428AD}
	EndGlobalSection
EndGlobal
